
Microsoft Visual Studio Solution File, Format Version 12.00
# Visual Studio Version 17
VisualStudioVersion = 17.8.34330.188
MinimumVisualStudioVersion = 10.0.40219.1
Project("{FAE04EC0-301F-11D3-BF4B-00C04F79EFBC}") = "SmartCarPark", "SmartCarPark\SmartCarPark.csproj", "{BE6EE4A4-5E6E-4A9E-9B12-89CE3A7DBED2}"
EndProject
Global
	GlobalSection(SolutionConfigurationPlatforms) = preSolution
		Debug|Any CPU = Debug|Any CPU
		Release|Any CPU = Release|Any CPU
	EndGlobalSection
	GlobalSection(ProjectConfigurationPlatforms) = postSolution
		{BE6EE4A4-5E6E-4A9E-9B12-89CE3A7DBED2}.Debug|Any CPU.ActiveCfg = Debug|Any CPU
		{BE6EE4A4-5E6E-4A9E-9B12-89CE3A7DBED2}.Debug|Any CPU.Build.0 = Debug|Any CPU
		{BE6EE4A4-5E6E-4A9E-9B12-89CE3A7DBED2}.Release|Any CPU.ActiveCfg = Release|Any CPU
		{BE6EE4A4-5E6E-4A9E-9B12-89CE3A7DBED2}.Release|Any CPU.Build.0 = Release|Any CPU
	EndGlobalSection
	GlobalSection(SolutionProperties) = preSolution
		HideSolutionNode = FALSE
	EndGlobalSection
	GlobalSection(ExtensibilityGlobals) = postSolution
		SolutionGuid = {424926DA-BE5B-4EED-A5CF-40F259153AEB}
	EndGlobalSection
EndGlobal
